// !$*UTF8*$!
{
	archiveVersion = 1;
	classes = {
	};
	objectVersion = 56;
	objects = {

/* Begin PBXBuildFile section */
		C6C5F7409583FE83BFFDD4EB /* Pods_SnapKitProject.framework in Frameworks */ = {isa = PBXBuildFile; fileRef = 4B96287C7CC0C6006AEB1844 /* Pods_SnapKitProject.framework */; };
		C7D4128C2CDA394E00B17D50 /* AppDelegate.swift in Sources */ = {isa = PBXBuildFile; fileRef = C7D4128B2CDA394E00B17D50 /* AppDelegate.swift */; };
		C7D4128E2CDA394E00B17D50 /* SceneDelegate.swift in Sources */ = {isa = PBXBuildFile; fileRef = C7D4128D2CDA394E00B17D50 /* SceneDelegate.swift */; };
		C7D412902CDA394E00B17D50 /* ViewController.swift in Sources */ = {isa = PBXBuildFile; fileRef = C7D4128F2CDA394E00B17D50 /* ViewController.swift */; };
		C7D412932CDA394E00B17D50 /* Main.storyboard in Resources */ = {isa = PBXBuildFile; fileRef = C7D412912CDA394E00B17D50 /* Main.storyboard */; };
		C7D412952CDA395000B17D50 /* Assets.xcassets in Resources */ = {isa = PBXBuildFile; fileRef = C7D412942CDA395000B17D50 /* Assets.xcassets */; };
		C7D412982CDA395000B17D50 /* LaunchScreen.storyboard in Resources */ = {isa = PBXBuildFile; fileRef = C7D412962CDA395000B17D50 /* LaunchScreen.storyboard */; };
/* End PBXBuildFile section */

/* Begin PBXFileReference section */
		4B96287C7CC0C6006AEB1844 /* Pods_SnapKitProject.framework */ = {isa = PBXFileReference; explicitFileType = wrapper.framework; includeInIndex = 0; path = Pods_SnapKitProject.framework; sourceTree = BUILT_PRODUCTS_DIR; };
		A24630F3B19B12F5698CF624 /* Pods-SnapKitProject.debug.xcconfig */ = {isa = PBXFileReference; includeInIndex = 1; lastKnownFileType = text.xcconfig; name = "Pods-SnapKitProject.debug.xcconfig"; path = "Target Support Files/Pods-SnapKitProject/Pods-SnapKitProject.debug.xcconfig"; sourceTree = "<group>"; };
		A373B517B9F728B51A240849 /* Pods-SnapKitProject.release.xcconfig */ = {isa = PBXFileReference; includeInIndex = 1; lastKnownFileType = text.xcconfig; name = "Pods-SnapKitProject.release.xcconfig"; path = "Target Support Files/Pods-SnapKitProject/Pods-SnapKitProject.release.xcconfig"; sourceTree = "<group>"; };
		C7D412882CDA394E00B17D50 /* SnapKitProject.app */ = {isa = PBXFileReference; explicitFileType = wrapper.application; includeInIndex = 0; path = SnapKitProject.app; sourceTree = BUILT_PRODUCTS_DIR; };
		C7D4128B2CDA394E00B17D50 /* AppDelegate.swift */ = {isa = PBXFileReference; lastKnownFileType = sourcecode.swift; path = AppDelegate.swift; sourceTree = "<group>"; };
		C7D4128D2CDA394E00B17D50 /* SceneDelegate.swift */ = {isa = PBXFileReference; lastKnownFileType = sourcecode.swift; path = SceneDelegate.swift; sourceTree = "<group>"; };
		C7D4128F2CDA394E00B17D50 /* ViewController.swift */ = {isa = PBXFileReference; lastKnownFileType = sourcecode.swift; path = ViewController.swift; sourceTree = "<group>"; };
		C7D412922CDA394E00B17D50 /* Base */ = {isa = PBXFileReference; lastKnownFileType = file.storyboard; name = Base; path = Base.lproj/Main.storyboard; sourceTree = "<group>"; };
		C7D412942CDA395000B17D50 /* Assets.xcassets */ = {isa = PBXFileReference; lastKnownFileType = folder.assetcatalog; path = Assets.xcassets; sourceTree = "<group>"; };
		C7D412972CDA395000B17D50 /* Base */ = {isa = PBXFileReference; lastKnownFileType = file.storyboard; name = Base; path = Base.lproj/LaunchScreen.storyboard; sourceTree = "<group>"; };
		C7D412992CDA395000B17D50 /* Info.plist */ = {isa = PBXFileReference; lastKnownFileType = text.plist.xml; path = Info.plist; sourceTree = "<group>"; };
/* End PBXFileReference section */

/* Begin PBXFrameworksBuildPhase section */
		C7D412852CDA394E00B17D50 /* Frameworks */ = {
			isa = PBXFrameworksBuildPhase;
			buildActionMask = 2147483647;
			files = (
				C6C5F7409583FE83BFFDD4EB /* Pods_SnapKitProject.framework in Frameworks */,
			);
			runOnlyForDeploymentPostprocessing = 0;
		};
/* End PBXFrameworksBuildPhase section */

/* Begin PBXGroup section */
		099483B4FFFEBF4472546031 /* Pods */ = {
			isa = PBXGroup;
			children = (
				A24630F3B19B12F5698CF624 /* Pods-SnapKitProject.debug.xcconfig */,
				A373B517B9F728B51A240849 /* Pods-SnapKitProject.release.xcconfig */,
			);
			path = Pods;
			sourceTree = "<group>";
		};
		56876143CAE52C02936F8551 /* Frameworks */ = {
			isa = PBXGroup;
			children = (
				4B96287C7CC0C6006AEB1844 /* Pods_SnapKitProject.framework */,
			);
			name = Frameworks;
			sourceTree = "<group>";
		};
		C7D4127F2CDA394E00B17D50 = {
			isa = PBXGroup;
			children = (
				C7D4128A2CDA394E00B17D50 /* SnapKitProject */,
				C7D412892CDA394E00B17D50 /* Products */,
				099483B4FFFEBF4472546031 /* Pods */,
				56876143CAE52C02936F8551 /* Frameworks */,
			);
			sourceTree = "<group>";
		};
		C7D412892CDA394E00B17D50 /* Products */ = {
			isa = PBXGroup;
			children = (
				C7D412882CDA394E00B17D50 /* SnapKitProject.app */,
			);
			name = Products;
			sourceTree = "<group>";
		};
		C7D4128A2CDA394E00B17D50 /* SnapKitProject */ = {
			isa = PBXGroup;
			children = (
				C7D412A32CDD56D400B17D50 /* App */,
				C7D412A42CDD56DB00B17D50 /* Controller */,
				C7D412A52CDD56E500B17D50 /* Views */,
				C7D412992CDA395000B17D50 /* Info.plist */,
				C7D412942CDA395000B17D50 /* Assets.xcassets */,
			);
			path = SnapKitProject;
			sourceTree = "<group>";
		};
		C7D412A32CDD56D400B17D50 /* App */ = {
			isa = PBXGroup;
			children = (
				C7D4128B2CDA394E00B17D50 /* AppDelegate.swift */,
				C7D4128D2CDA394E00B17D50 /* SceneDelegate.swift */,
			);
			path = App;
			sourceTree = "<group>";
		};
		C7D412A42CDD56DB00B17D50 /* Controller */ = {
			isa = PBXGroup;
			children = (
				C7D4128F2CDA394E00B17D50 /* ViewController.swift */,
			);
			path = Controller;
			sourceTree = "<group>";
		};
		C7D412A52CDD56E500B17D50 /* Views */ = {
			isa = PBXGroup;
			children = (
				C7D412912CDA394E00B17D50 /* Main.storyboard */,
				C7D412962CDA395000B17D50 /* LaunchScreen.storyboard */,
			);
			path = Views;
			sourceTree = "<group>";
		};
/* End PBXGroup section */

/* Begin PBXNativeTarget section */
		C7D412872CDA394E00B17D50 /* SnapKitProject */ = {
			isa = PBXNativeTarget;
			buildConfigurationList = C7D4129C2CDA395000B17D50 /* Build configuration list for PBXNativeTarget "SnapKitProject" */;
			buildPhases = (
				9C5541C8EE9BC7FB280E5507 /* [CP] Check Pods Manifest.lock */,
				C7D412842CDA394E00B17D50 /* Sources */,
				C7D412852CDA394E00B17D50 /* Frameworks */,
				C7D412862CDA394E00B17D50 /* Resources */,
				E1D34942C60513AF05F06F08 /* [CP] Embed Pods Frameworks */,
			);
			buildRules = (
			);
			dependencies = (
			);
			name = SnapKitProject;
			productName = SnapKitProject;
			productReference = C7D412882CDA394E00B17D50 /* SnapKitProject.app */;
			productType = "com.apple.product-type.application";
		};
/* End PBXNativeTarget section */

/* Begin PBXProject section */
		C7D412802CDA394E00B17D50 /* Project object */ = {
			isa = PBXProject;
			attributes = {
				BuildIndependentTargetsInParallel = 1;
				LastSwiftUpdateCheck = 1420;
				LastUpgradeCheck = 1420;
				TargetAttributes = {
					C7D412872CDA394E00B17D50 = {
						CreatedOnToolsVersion = 14.2;
					};
				};
			};
			buildConfigurationList = C7D412832CDA394E00B17D50 /* Build configuration list for PBXProject "SnapKitProject" */;
			compatibilityVersion = "Xcode 14.0";
			developmentRegion = en;
			hasScannedForEncodings = 0;
			knownRegions = (
				en,
				Base,
			);
			mainGroup = C7D4127F2CDA394E00B17D50;
			productRefGroup = C7D412892CDA394E00B17D50 /* Products */;
			projectDirPath = "";
			projectRoot = "";
			targets = (
				C7D412872CDA394E00B17D50 /* SnapKitProject */,
			);
		};
/* End PBXProject section */

/* Begin PBXResourcesBuildPhase section */
		C7D412862CDA394E00B17D50 /* Resources */ = {
			isa = PBXResourcesBuildPhase;
			buildActionMask = 2147483647;
			files = (
				C7D412982CDA395000B17D50 /* LaunchScreen.storyboard in Resources */,
				C7D412952CDA395000B17D50 /* Assets.xcassets in Resources */,
				C7D412932CDA394E00B17D50 /* Main.storyboard in Resources */,
			);
			runOnlyForDeploymentPostprocessing = 0;
		};
/* End PBXResourcesBuildPhase section */

/* Begin PBXShellScriptBuildPhase section */
		9C5541C8EE9BC7FB280E5507 /* [CP] Check Pods Manifest.lock */ = {
			isa = PBXShellScriptBuildPhase;
			buildActionMask = 2147483647;
			files = (
			);
			inputFileListPaths = (
			);
			inputPaths = (
				"${PODS_PODFILE_DIR_PATH}/Podfile.lock",
				"${PODS_ROOT}/Manifest.lock",
			);
			name = "[CP] Check Pods Manifest.lock";
			outputFileListPaths = (
			);
			outputPaths = (
				"$(DERIVED_FILE_DIR)/Pods-SnapKitProject-checkManifestLockResult.txt",
			);
			runOnlyForDeploymentPostprocessing = 0;
			shellPath = /bin/sh;
			shellScript = "diff \"${PODS_PODFILE_DIR_PATH}/Podfile.lock\" \"${PODS_ROOT}/Manifest.lock\" > /dev/null\nif [ $? != 0 ] ; then\n    # print error to STDERR\n    echo \"error: The sandbox is not in sync with the Podfile.lock. Run 'pod install' or update your CocoaPods installation.\" >&2\n    exit 1\nfi\n# This output is used by Xcode 'outputs' to avoid re-running this script phase.\necho \"SUCCESS\" > \"${SCRIPT_OUTPUT_FILE_0}\"\n";
			showEnvVarsInLog = 0;
		};
		E1D34942C60513AF05F06F08 /* [CP] Embed Pods Frameworks */ = {
			isa = PBXShellScriptBuildPhase;
			buildActionMask = 2147483647;
			files = (
			);
			inputFileListPaths = (
				"${PODS_ROOT}/Target Support Files/Pods-SnapKitProject/Pods-SnapKitProject-frameworks-${CONFIGURATION}-input-files.xcfilelist",
			);
			name = "[CP] Embed Pods Frameworks";
			outputFileListPaths = (
				"${PODS_ROOT}/Target Support Files/Pods-SnapKitProject/Pods-SnapKitProject-frameworks-${CONFIGURATION}-output-files.xcfilelist",
			);
			runOnlyForDeploymentPostprocessing = 0;
			shellPath = /bin/sh;
			shellScript = "\"${PODS_ROOT}/Target Support Files/Pods-SnapKitProject/Pods-SnapKitProject-frameworks.sh\"\n";
			showEnvVarsInLog = 0;
		};
/* End PBXShellScriptBuildPhase section */

/* Begin PBXSourcesBuildPhase section */
		C7D412842CDA394E00B17D50 /* Sources */ = {
			isa = PBXSourcesBuildPhase;
			buildActionMask = 2147483647;
			files = (
				C7D412902CDA394E00B17D50 /* ViewController.swift in Sources */,
				C7D4128C2CDA394E00B17D50 /* AppDelegate.swift in Sources */,
				C7D4128E2CDA394E00B17D50 /* SceneDelegate.swift in Sources */,
			);
			runOnlyForDeploymentPostprocessing = 0;
		};
/* End PBXSourcesBuildPhase section */

/* Begin PBXVariantGroup section */
		C7D412912CDA394E00B17D50 /* Main.storyboard */ = {
			isa = PBXVariantGroup;
			children = (
				C7D412922CDA394E00B17D50 /* Base */,
			);
			name = Main.storyboard;
			sourceTree = "<group>";
		};
		C7D412962CDA395000B17D50 /* LaunchScreen.storyboard */ = {
			isa = PBXVariantGroup;
			children = (
				C7D412972CDA395000B17D50 /* Base */,
			);
			name = LaunchScreen.storyboard;
			sourceTree = "<group>";
		};
/* End PBXVariantGroup section */

/* Begin XCBuildConfiguration section */
		C7D4129A2CDA395000B17D50 /* Debug */ = {
			isa = XCBuildConfiguration;
			buildSettings = {
				ALWAYS_SEARCH_USER_PATHS = NO;
				CLANG_ANALYZER_NONNULL = YES;
				CLANG_ANALYZER_NUMBER_OBJECT_CONVERSION = YES_AGGRESSIVE;
				CLANG_CXX_LANGUAGE_STANDARD = "gnu++20";
				CLANG_ENABLE_MODULES = YES;
				CLANG_ENABLE_OBJC_ARC = YES;
				CLANG_ENABLE_OBJC_WEAK = YES;
				CLANG_WARN_BLOCK_CAPTURE_AUTORELEASING = YES;
				CLANG_WARN_BOOL_CONVERSION = YES;
				CLANG_WARN_COMMA = YES;
				CLANG_WARN_CONSTANT_CONVERSION = YES;
				CLANG_WARN_DEPRECATED_OBJC_IMPLEMENTATIONS = YES;
				CLANG_WARN_DIRECT_OBJC_ISA_USAGE = YES_ERROR;
				CLANG_WARN_DOCUMENTATION_COMMENTS = YES;
				CLANG_WARN_EMPTY_BODY = YES;
				CLANG_WARN_ENUM_CONVERSION = YES;
				CLANG_WARN_INFINITE_RECURSION = YES;
				CLANG_WARN_INT_CONVERSION = YES;
				CLANG_WARN_NON_LITERAL_NULL_CONVERSION = YES;
				CLANG_WARN_OBJC_IMPLICIT_RETAIN_SELF = YES;
				CLANG_WARN_OBJC_LITERAL_CONVERSION = YES;
				CLANG_WARN_OBJC_ROOT_CLASS = YES_ERROR;
				CLANG_WARN_QUOTED_INCLUDE_IN_FRAMEWORK_HEADER = YES;
				CLANG_WARN_RANGE_LOOP_ANALYSIS = YES;
				CLANG_WARN_STRICT_PROTOTYPES = YES;
				CLANG_WARN_SUSPICIOUS_MOVE = YES;
				CLANG_WARN_UNGUARDED_AVAILABILITY = YES_AGGRESSIVE;
				CLANG_WARN_UNREACHABLE_CODE = YES;
				CLANG_WARN__DUPLICATE_METHOD_MATCH = YES;
				COPY_PHASE_STRIP = NO;
				DEBUG_INFORMATION_FORMAT = dwarf;
				ENABLE_STRICT_OBJC_MSGSEND = YES;
				ENABLE_TESTABILITY = YES;
				GCC_C_LANGUAGE_STANDARD = gnu11;
				GCC_DYNAMIC_NO_PIC = NO;
				GCC_NO_COMMON_BLOCKS = YES;
				GCC_OPTIMIZATION_LEVEL = 0;
				GCC_PREPROCESSOR_DEFINITIONS = (
					"DEBUG=1",
					"$(inherited)",
				);
				GCC_WARN_64_TO_32_BIT_CONVERSION = YES;
				GCC_WARN_ABOUT_RETURN_TYPE = YES_ERROR;
				GCC_WARN_UNDECLARED_SELECTOR = YES;
				GCC_WARN_UNINITIALIZED_AUTOS = YES_AGGRESSIVE;
				GCC_WARN_UNUSED_FUNCTION = YES;
				GCC_WARN_UNUSED_VARIABLE = YES;
				IPHONEOS_DEPLOYMENT_TARGET = 16.2;
				MTL_ENABLE_DEBUG_INFO = INCLUDE_SOURCE;
				MTL_FAST_MATH = YES;
				ONLY_ACTIVE_ARCH = YES;
				SDKROOT = iphoneos;
				SWIFT_ACTIVE_COMPILATION_CONDITIONS = DEBUG;
				SWIFT_OPTIMIZATION_LEVEL = "-Onone";
			};
			name = Debug;
		};
		C7D4129B2CDA395000B17D50 /* Release */ = {
			isa = XCBuildConfiguration;
			buildSettings = {
				ALWAYS_SEARCH_USER_PATHS = NO;
				CLANG_ANALYZER_NONNULL = YES;
				CLANG_ANALYZER_NUMBER_OBJECT_CONVERSION = YES_AGGRESSIVE;
				CLANG_CXX_LANGUAGE_STANDARD = "gnu++20";
				CLANG_ENABLE_MODULES = YES;
				CLANG_ENABLE_OBJC_ARC = YES;
				CLANG_ENABLE_OBJC_WEAK = YES;
				CLANG_WARN_BLOCK_CAPTURE_AUTORELEASING = YES;
				CLANG_WARN_BOOL_CONVERSION = YES;
				CLANG_WARN_COMMA = YES;
				CLANG_WARN_CONSTANT_CONVERSION = YES;
				CLANG_WARN_DEPRECATED_OBJC_IMPLEMENTATIONS = YES;
				CLANG_WARN_DIRECT_OBJC_ISA_USAGE = YES_ERROR;
				CLANG_WARN_DOCUMENTATION_COMMENTS = YES;
				CLANG_WARN_EMPTY_BODY = YES;
				CLANG_WARN_ENUM_CONVERSION = YES;
				CLANG_WARN_INFINITE_RECURSION = YES;
				CLANG_WARN_INT_CONVERSION = YES;
				CLANG_WARN_NON_LITERAL_NULL_CONVERSION = YES;
				CLANG_WARN_OBJC_IMPLICIT_RETAIN_SELF = YES;
				CLANG_WARN_OBJC_LITERAL_CONVERSION = YES;
				CLANG_WARN_OBJC_ROOT_CLASS = YES_ERROR;
				CLANG_WARN_QUOTED_INCLUDE_IN_FRAMEWORK_HEADER = YES;
				CLANG_WARN_RANGE_LOOP_ANALYSIS = YES;
				CLANG_WARN_STRICT_PROTOTYPES = YES;
				CLANG_WARN_SUSPICIOUS_MOVE = YES;
				CLANG_WARN_UNGUARDED_AVAILABILITY = YES_AGGRESSIVE;
				CLANG_WARN_UNREACHABLE_CODE = YES;
				CLANG_WARN__DUPLICATE_METHOD_MATCH = YES;
				COPY_PHASE_STRIP = NO;
				DEBUG_INFORMATION_FORMAT = "dwarf-with-dsym";
				ENABLE_NS_ASSERTIONS = NO;
				ENABLE_STRICT_OBJC_MSGSEND = YES;
				GCC_C_LANGUAGE_STANDARD = gnu11;
				GCC_NO_COMMON_BLOCKS = YES;
				GCC_WARN_64_TO_32_BIT_CONVERSION = YES;
				GCC_WARN_ABOUT_RETURN_TYPE = YES_ERROR;
				GCC_WARN_UNDECLARED_SELECTOR = YES;
				GCC_WARN_UNINITIALIZED_AUTOS = YES_AGGRESSIVE;
				GCC_WARN_UNUSED_FUNCTION = YES;
				GCC_WARN_UNUSED_VARIABLE = YES;
				IPHONEOS_DEPLOYMENT_TARGET = 16.2;
				MTL_ENABLE_DEBUG_INFO = NO;
				MTL_FAST_MATH = YES;
				SDKROOT = iphoneos;
				SWIFT_COMPILATION_MODE = wholemodule;
				SWIFT_OPTIMIZATION_LEVEL = "-O";
				VALIDATE_PRODUCT = YES;
			};
			name = Release;
		};
		C7D4129D2CDA395000B17D50 /* Debug */ = {
			isa = XCBuildConfiguration;
			baseConfigurationReference = A24630F3B19B12F5698CF624 /* Pods-SnapKitProject.debug.xcconfig */;
			buildSettings = {
				ASSETCATALOG_COMPILER_APPICON_NAME = AppIcon;
				ASSETCATALOG_COMPILER_GLOBAL_ACCENT_COLOR_NAME = AccentColor;
				CODE_SIGN_STYLE = Automatic;
				CURRENT_PROJECT_VERSION = 1;
				DEVELOPMENT_TEAM = 3M52ZV2NZ3;
				GENERATE_INFOPLIST_FILE = YES;
				INFOPLIST_FILE = SnapKitProject/Info.plist;
				INFOPLIST_KEY_UIApplicationSupportsIndirectInputEvents = YES;
				INFOPLIST_KEY_UILaunchStoryboardName = LaunchScreen;
				INFOPLIST_KEY_UIMainStoryboardFile = Main;
				INFOPLIST_KEY_UISupportedInterfaceOrientations_iPad = "UIInterfaceOrientationPortrait UIInterfaceOrientationPortraitUpsideDown UIInterfaceOrientationLandscapeLeft UIInterfaceOrientationLandscapeRight";
				INFOPLIST_KEY_UISupportedInterfaceOrientations_iPhone = "UIInterfaceOrientationPortrait UIInterfaceOrientationLandscapeLeft UIInterfaceOrientationLandscapeRight";
				LD_RUNPATH_SEARCH_PATHS = (
					"$(inherited)",
					"@executable_path/Frameworks",
				);
				MARKETING_VERSION = 1.0;
				PRODUCT_BUNDLE_IDENTIFIER = by.company.SnapKitProject;
				PRODUCT_NAME = "$(TARGET_NAME)";
				SWIFT_EMIT_LOC_STRINGS = YES;
				SWIFT_VERSION = 5.0;
				TARGETED_DEVICE_FAMILY = "1,2";
			};
			name = Debug;
		};
		C7D4129E2CDA395000B17D50 /* Release */ = {
			isa = XCBuildConfiguration;
			baseConfigurationReference = A373B517B9F728B51A240849 /* Pods-SnapKitProject.release.xcconfig */;
			buildSettings = {
				ASSETCATALOG_COMPILER_APPICON_NAME = AppIcon;
				ASSETCATALOG_COMPILER_GLOBAL_ACCENT_COLOR_NAME = AccentColor;
				CODE_SIGN_STYLE = Automatic;
				CURRENT_PROJECT_VERSION = 1;
				DEVELOPMENT_TEAM = 3M52ZV2NZ3;
				GENERATE_INFOPLIST_FILE = YES;
				INFOPLIST_FILE = SnapKitProject/Info.plist;
				INFOPLIST_KEY_UIApplicationSupportsIndirectInputEvents = YES;
				INFOPLIST_KEY_UILaunchStoryboardName = LaunchScreen;
				INFOPLIST_KEY_UIMainStoryboardFile = Main;
				INFOPLIST_KEY_UISupportedInterfaceOrientations_iPad = "UIInterfaceOrientationPortrait UIInterfaceOrientationPortraitUpsideDown UIInterfaceOrientationLandscapeLeft UIInterfaceOrientationLandscapeRight";
				INFOPLIST_KEY_UISupportedInterfaceOrientations_iPhone = "UIInterfaceOrientationPortrait UIInterfaceOrientationLandscapeLeft UIInterfaceOrientationLandscapeRight";
				LD_RUNPATH_SEARCH_PATHS = (
					"$(inherited)",
					"@executable_path/Frameworks",
				);
				MARKETING_VERSION = 1.0;
				PRODUCT_BUNDLE_IDENTIFIER = by.company.SnapKitProject;
				PRODUCT_NAME = "$(TARGET_NAME)";
				SWIFT_EMIT_LOC_STRINGS = YES;
				SWIFT_VERSION = 5.0;
				TARGETED_DEVICE_FAMILY = "1,2";
			};
			name = Release;
		};
/* End XCBuildConfiguration section */

/* Begin XCConfigurationList section */
		C7D412832CDA394E00B17D50 /* Build configuration list for PBXProject "SnapKitProject" */ = {
			isa = XCConfigurationList;
			buildConfigurations = (
				C7D4129A2CDA395000B17D50 /* Debug */,
				C7D4129B2CDA395000B17D50 /* Release */,
			);
			defaultConfigurationIsVisible = 0;
			defaultConfigurationName = Release;
		};
		C7D4129C2CDA395000B17D50 /* Build configuration list for PBXNativeTarget "SnapKitProject" */ = {
			isa = XCConfigurationList;
			buildConfigurations = (
				C7D4129D2CDA395000B17D50 /* Debug */,
				C7D4129E2CDA395000B17D50 /* Release */,
			);
			defaultConfigurationIsVisible = 0;
			defaultConfigurationName = Release;
		};
/* End XCConfigurationList section */
	};
	rootObject = C7D412802CDA394E00B17D50 /* Project object */;
}
